
Microsoft Visual Studio Solution File, Format Version 12.00
# Visual Studio Version 17
VisualStudioVersion = 17.4.33122.133
MinimumVisualStudioVersion = 10.0.40219.1
Project("{FAE04EC0-301F-11D3-BF4B-00C04F79EFBC}") = "EmployWage", "EmployWage\EmployWage.csproj", "{07086A6C-6892-4DB4-B45B-6A0838AEAA47}"
EndProject
Global
	GlobalSection(SolutionConfigurationPlatforms) = preSolution
		Debug|Any CPU = Debug|Any CPU
		Release|Any CPU = Release|Any CPU
	EndGlobalSection
	GlobalSection(ProjectConfigurationPlatforms) = postSolution
		{07086A6C-6892-4DB4-B45B-6A0838AEAA47}.Debug|Any CPU.ActiveCfg = Debug|Any CPU
		{07086A6C-6892-4DB4-B45B-6A0838AEAA47}.Debug|Any CPU.Build.0 = Debug|Any CPU
		{07086A6C-6892-4DB4-B45B-6A0838AEAA47}.Release|Any CPU.ActiveCfg = Release|Any CPU
		{07086A6C-6892-4DB4-B45B-6A0838AEAA47}.Release|Any CPU.Build.0 = Release|Any CPU
	EndGlobalSection
	GlobalSection(SolutionProperties) = preSolution
		HideSolutionNode = FALSE
	EndGlobalSection
	GlobalSection(ExtensibilityGlobals) = postSolution
		SolutionGuid = {71F143B8-4768-4666-A183-3DEE6D637B7A}
	EndGlobalSection
EndGlobal
